PODS:
  - RxCocoa (3.0.1):
    - RxSwift (~> 3.0)
  - RxCoreMotion (0.2.0):
    - RxSwift
  - RxSwift (3.0.1)
  - RxTest (3.0.1):
    - RxSwift (~> 3.0)

DEPENDENCIES:
  - RxCocoa (~> 3.0)
  - RxCoreMotion (from `../`)
  - RxSwift (~> 3.0)
  - RxTest

EXTERNAL SOURCES:
  RxCoreMotion:
    :path: ../

SPEC CHECKSUMS:
  RxCocoa: 15a52fc590dcc700cb4a690a633b5c5184ce3a78
  RxCoreMotion: 9243e94d6a74eb0702639c61d8b6d46a03fccb47
  RxSwift: af5680055c4ad04480189c52d28385b1029493a6
  RxTest: 9867e6f3c435af30fbdb44b6d8ec30b78c40b515

PODFILE CHECKSUM: d6b21d56e46259dd7db4661f78ba811520c4be5c

COCOAPODS: 1.2.0.beta.1
