PODS:
  - RxCocoa (2.5.0):
    - RxSwift (~> 2.5)
  - RxCoreMotion (0.1.0):
    - RxSwift
  - RxSwift (2.5.0)
  - RxTests (2.5.0):
    - RxSwift (~> 2.5)

DEPENDENCIES:
  - RxCocoa
  - RxCoreMotion (from `../`)
  - RxSwift
  - RxTests

EXTERNAL SOURCES:
  RxCoreMotion:
    :path: "../"

SPEC CHECKSUMS:
  RxCocoa: e1b1562e57a554d0fb2aabf9d71b637f177257c7
  RxCoreMotion: bafe1c0f782c506a4e5868e14ca1147dbd748c04
  RxSwift: 402b41a50e922a0368fc14cb3bc9f4427920e8ae
  RxTests: 1b13bea0a138552b52aeead549ef08d578bcda9e

PODFILE CHECKSUM: ef86f667241fc27e5926b9238b930674e5a04c81

COCOAPODS: 1.0.0
