PODS:
  - RxCoreMotion (1.4.0):
    - RxSwift (= 6.0.0)
  - RxSwift (6.0.0)

DEPENDENCIES:
  - RxCoreMotion (from `../`)

SPEC REPOS:
  https://github.com/CocoaPods/Specs.git:
    - RxSwift

EXTERNAL SOURCES:
  RxCoreMotion:
    :path: "../"

SPEC CHECKSUMS:
  RxCoreMotion: 42275cff40fc60740c730f91c6af8ab256df6bd7
  RxSwift: c14e798c59b9f6e9a2df8fd235602e85cc044295

PODFILE CHECKSUM: 8009eb6842bc3edb0b23209a4a6ddd4643c6fded

COCOAPODS: 1.9.3
